
Microsoft Visual Studio Solution File, Format Version 12.00
# Visual Studio Version 17
VisualStudioVersion = 17.13.35818.85 d17.13
MinimumVisualStudioVersion = 10.0.40219.1
Project("{FAE04EC0-301F-11D3-BF4B-00C04F79EFBC}") = "AISalesDashboard", "AISalesDashboard\AISalesDashboard.csproj", "{508BA5EB-4027-4F58-8F7D-DE72DF43D718}"
EndProject
Global
	GlobalSection(SolutionConfigurationPlatforms) = preSolution
		Debug|Any CPU = Debug|Any CPU
		Release|Any CPU = Release|Any CPU
	EndGlobalSection
	GlobalSection(ProjectConfigurationPlatforms) = postSolution
		{508BA5EB-4027-4F58-8F7D-DE72DF43D718}.Debug|Any CPU.ActiveCfg = Debug|Any CPU
		{508BA5EB-4027-4F58-8F7D-DE72DF43D718}.Debug|Any CPU.Build.0 = Debug|Any CPU
		{508BA5EB-4027-4F58-8F7D-DE72DF43D718}.Release|Any CPU.ActiveCfg = Release|Any CPU
		{508BA5EB-4027-4F58-8F7D-DE72DF43D718}.Release|Any CPU.Build.0 = Release|Any CPU
	EndGlobalSection
	GlobalSection(SolutionProperties) = preSolution
		HideSolutionNode = FALSE
	EndGlobalSection
	GlobalSection(ExtensibilityGlobals) = postSolution
		SolutionGuid = {01AB941E-99F3-4574-9C92-6BC47078BABE}
	EndGlobalSection
EndGlobal
